# THIS IS AN AUTOGENERATED FILE. DO NOT EDIT THIS FILE DIRECTLY.
# yarn lockfile v1


promise-aplus@^1.0.0:
  version "1.0.0"
  resolved "https://registry.npmmirror.com/promise-aplus/download/promise-aplus-1.0.0.tgz#2d7a6ba89a00838f1f1de597c8218da908727f17"
  integrity sha1-LXprqJoAg48fHeWXyCGNqQhyfxc=
